
Microsoft Visual Studio Solution File, Format Version 12.00
# Visual Studio Version 17
VisualStudioVersion = 17.7.34018.315
MinimumVisualStudioVersion = 10.0.40219.1
Project("{FAE04EC0-301F-11D3-BF4B-00C04F79EFBC}") = "FITM_BE", "FITM_BE.csproj", "{45C8D377-5513-4EAB-9F9C-D2B436B7AF44}"
EndProject
Global
	GlobalSection(SolutionConfigurationPlatforms) = preSolution
		Debug|Any CPU = Debug|Any CPU
		Release|Any CPU = Release|Any CPU
	EndGlobalSection
	GlobalSection(ProjectConfigurationPlatforms) = postSolution
		{45C8D377-5513-4EAB-9F9C-D2B436B7AF44}.Debug|Any CPU.ActiveCfg = Debug|Any CPU
		{45C8D377-5513-4EAB-9F9C-D2B436B7AF44}.Debug|Any CPU.Build.0 = Debug|Any CPU
		{45C8D377-5513-4EAB-9F9C-D2B436B7AF44}.Release|Any CPU.ActiveCfg = Release|Any CPU
		{45C8D377-5513-4EAB-9F9C-D2B436B7AF44}.Release|Any CPU.Build.0 = Release|Any CPU
	EndGlobalSection
	GlobalSection(SolutionProperties) = preSolution
		HideSolutionNode = FALSE
	EndGlobalSection
	GlobalSection(ExtensibilityGlobals) = postSolution
		SolutionGuid = {0D534CDF-97B7-4436-8172-8C52CCC4449D}
	EndGlobalSection
EndGlobal
